{
  "name": "SkillScreen",
  "lockfileVersion": 3,
  "requires": true,
  "packages": {
    "": {
      "dependencies": {
        "@paper-design/shaders": "^0.0.62",
        "@paper-design/shaders-react": "^0.0.62"
      }
    },
    "node_modules/@paper-design/shaders": {
      "version": "0.0.62",
      "resolved": "https://registry.npmjs.org/@paper-design/shaders/-/shaders-0.0.62.tgz",
      "integrity": "sha512-ICCA1HoaItuQ0zXVOO1qQQ2Co2yS6taSWpJkvi7HGQTPx5FTneE//PWGSfkWe+D4dhJ3HrRBHNKshJnKLKOimA==",
      "license": "SEE LICENSE IN https://github.com/paper-design/shaders/blob/main/LICENSE"
    },
    "node_modules/@paper-design/shaders-react": {
      "version": "0.0.62",
      "resolved": "https://registry.npmjs.org/@paper-design/shaders-react/-/shaders-react-0.0.62.tgz",
      "integrity": "sha512-Yz58ZvioBI8q5sFHnTDGO7Ku7oreh03pahMX0Am+Wz/WY0rW2fAh0LRniH5Sqnrx1hZtLjjzcK2sFEhA9uTDMg==",
      "license": "SEE LICENSE IN https://github.com/paper-design/shaders/blob/main/LICENSE",
      "dependencies": {
        "@paper-design/shaders": "0.0.62"
      },
      "peerDependencies": {
        "@types/react": "^18 || ^19",
        "react": "^18 || ^19"
      },
      "peerDependenciesMeta": {
        "@types/react": {
          "optional": true
        }
      }
    },
    "node_modules/react": {
      "version": "19.2.0",
      "resolved": "https://registry.npmjs.org/react/-/react-19.2.0.tgz",
      "integrity": "sha512-tmbWg6W31tQLeB5cdIBOicJDJRR2KzXsV7uSK9iNfLWQ5bIZfxuPEHp7M8wiHyHnn0DD1i7w3Zmin0FtkrwoCQ==",
      "license": "MIT",
      "peer": true,
      "engines": {
        "node": ">=0.10.0"
      }
    }
  }
}
